// !$*UTF8*$!
{
	archiveVersion = 1;
	classes = {
	};
	objectVersion = 46;
	objects = {

/* Begin PBXBuildFile section */
		042FFDA614FC23CE263F0429 /* Pods_Practica05.framework in Frameworks */ = {isa = PBXBuildFile; fileRef = 1FDE8DB6B50DA324E05B872A /* Pods_Practica05.framework */; };
		AAD9CB5C1D3461FC0044DAF4 /* Fabric.framework in Frameworks */ = {isa = PBXBuildFile; fileRef = AAD9CB581D3461FC0044DAF4 /* Fabric.framework */; };
		AAD9CB5D1D3461FC0044DAF4 /* DigitsKit.framework in Frameworks */ = {isa = PBXBuildFile; fileRef = AAD9CB591D3461FC0044DAF4 /* DigitsKit.framework */; };
		AAD9CB5E1D3461FC0044DAF4 /* DigitsKitResources.bundle in Resources */ = {isa = PBXBuildFile; fileRef = AAD9CB5A1D3461FC0044DAF4 /* DigitsKitResources.bundle */; };
		AAD9CB5F1D3461FC0044DAF4 /* TwitterCore.framework in Frameworks */ = {isa = PBXBuildFile; fileRef = AAD9CB5B1D3461FC0044DAF4 /* TwitterCore.framework */; };
		AAD9CB621D34650B0044DAF4 /* Login.m in Sources */ = {isa = PBXBuildFile; fileRef = AAD9CB611D34650B0044DAF4 /* Login.m */; };
		AAF8951A1D3310F300E9FE87 /* main.m in Sources */ = {isa = PBXBuildFile; fileRef = AAF895191D3310F300E9FE87 /* main.m */; };
		AAF8951D1D3310F300E9FE87 /* AppDelegate.m in Sources */ = {isa = PBXBuildFile; fileRef = AAF8951C1D3310F300E9FE87 /* AppDelegate.m */; };
		AAF895201D3310F300E9FE87 /* Home.m in Sources */ = {isa = PBXBuildFile; fileRef = AAF8951F1D3310F300E9FE87 /* Home.m */; };
		AAF895231D3310F300E9FE87 /* Main.storyboard in Resources */ = {isa = PBXBuildFile; fileRef = AAF895211D3310F300E9FE87 /* Main.storyboard */; };
		AAF895261D3310F300E9FE87 /* Practica05.xcdatamodeld in Sources */ = {isa = PBXBuildFile; fileRef = AAF895241D3310F300E9FE87 /* Practica05.xcdatamodeld */; };
		AAF895281D3310F300E9FE87 /* Assets.xcassets in Resources */ = {isa = PBXBuildFile; fileRef = AAF895271D3310F300E9FE87 /* Assets.xcassets */; };
		AAF8952B1D3310F300E9FE87 /* LaunchScreen.storyboard in Resources */ = {isa = PBXBuildFile; fileRef = AAF895291D3310F300E9FE87 /* LaunchScreen.storyboard */; };
		AAF8953A1D33152300E9FE87 /* cellHome.m in Sources */ = {isa = PBXBuildFile; fileRef = AAF895381D33152300E9FE87 /* cellHome.m */; };
		AAF8953B1D33152300E9FE87 /* cellHome.xib in Resources */ = {isa = PBXBuildFile; fileRef = AAF895391D33152300E9FE87 /* cellHome.xib */; };
		AAF8955A1D33153200E9FE87 /* chiapas_comitlan.jpg in Resources */ = {isa = PBXBuildFile; fileRef = AAF8953C1D33153200E9FE87 /* chiapas_comitlan.jpg */; };
		AAF8955B1D33153200E9FE87 /* chiapas_main.jpg in Resources */ = {isa = PBXBuildFile; fileRef = AAF8953D1D33153200E9FE87 /* chiapas_main.jpg */; };
		AAF8955C1D33153200E9FE87 /* chiapas_palenque.jpg in Resources */ = {isa = PBXBuildFile; fileRef = AAF8953E1D33153200E9FE87 /* chiapas_palenque.jpg */; };
		AAF8955D1D33153200E9FE87 /* chiapas_sanCristobal.jpg in Resources */ = {isa = PBXBuildFile; fileRef = AAF8953F1D33153200E9FE87 /* chiapas_sanCristobal.jpg */; };
		AAF8955E1D33153200E9FE87 /* chiapas_tapachula.jpg in Resources */ = {isa = PBXBuildFile; fileRef = AAF895401D33153200E9FE87 /* chiapas_tapachula.jpg */; };
		AAF8955F1D33153200E9FE87 /* chiapas_tuxtla.jpg in Resources */ = {isa = PBXBuildFile; fileRef = AAF895411D33153200E9FE87 /* chiapas_tuxtla.jpg */; };
		AAF895601D33153200E9FE87 /* edoMexico_ecatepec.jpg in Resources */ = {isa = PBXBuildFile; fileRef = AAF895421D33153200E9FE87 /* edoMexico_ecatepec.jpg */; };
		AAF895611D33153200E9FE87 /* edoMexico_ixtapanSal.jpg in Resources */ = {isa = PBXBuildFile; fileRef = AAF895431D33153200E9FE87 /* edoMexico_ixtapanSal.jpg */; };
		AAF895621D33153200E9FE87 /* edoMexico_main.jpg in Resources */ = {isa = PBXBuildFile; fileRef = AAF895441D33153200E9FE87 /* edoMexico_main.jpg */; };
		AAF895631D33153200E9FE87 /* edoMexico_teotihuacan.jpg in Resources */ = {isa = PBXBuildFile; fileRef = AAF895451D33153200E9FE87 /* edoMexico_teotihuacan.jpg */; };
		AAF895641D33153200E9FE87 /* edoMexico_toluca.jpg in Resources */ = {isa = PBXBuildFile; fileRef = AAF895461D33153200E9FE87 /* edoMexico_toluca.jpg */; };
		AAF895651D33153200E9FE87 /* edoMexico_valleBravo.jpg in Resources */ = {isa = PBXBuildFile; fileRef = AAF895471D33153200E9FE87 /* edoMexico_valleBravo.jpg */; };
		AAF895661D33153200E9FE87 /* jalisco_guadalajara.jpg in Resources */ = {isa = PBXBuildFile; fileRef = AAF895481D33153200E9FE87 /* jalisco_guadalajara.jpg */; };
		AAF895671D33153200E9FE87 /* jalisco_main.jpg in Resources */ = {isa = PBXBuildFile; fileRef = AAF895491D33153200E9FE87 /* jalisco_main.jpg */; };
		AAF895681D33153200E9FE87 /* jalisco_mascota.jpg in Resources */ = {isa = PBXBuildFile; fileRef = AAF8954A1D33153200E9FE87 /* jalisco_mascota.jpg */; };
		AAF895691D33153200E9FE87 /* jalisco_mazamitla.jpg in Resources */ = {isa = PBXBuildFile; fileRef = AAF8954B1D33153200E9FE87 /* jalisco_mazamitla.jpg */; };
		AAF8956A1D33153200E9FE87 /* jalisco_puertoVallarta.jpg in Resources */ = {isa = PBXBuildFile; fileRef = AAF8954C1D33153200E9FE87 /* jalisco_puertoVallarta.jpg */; };
		AAF8956B1D33153200E9FE87 /* jalisco_tapalpa.jpg in Resources */ = {isa = PBXBuildFile; fileRef = AAF8954D1D33153200E9FE87 /* jalisco_tapalpa.jpg */; };
		AAF8956C1D33153200E9FE87 /* sonora_alamos.jpg in Resources */ = {isa = PBXBuildFile; fileRef = AAF8954E1D33153200E9FE87 /* sonora_alamos.jpg */; };
		AAF8956D1D33153200E9FE87 /* sonora_caborca.jpg in Resources */ = {isa = PBXBuildFile; fileRef = AAF8954F1D33153200E9FE87 /* sonora_caborca.jpg */; };
		AAF8956E1D33153200E9FE87 /* sonora_guaymas.jpg in Resources */ = {isa = PBXBuildFile; fileRef = AAF895501D33153200E9FE87 /* sonora_guaymas.jpg */; };
		AAF8956F1D33153200E9FE87 /* sonora_hermosillo.jpg in Resources */ = {isa = PBXBuildFile; fileRef = AAF895511D33153200E9FE87 /* sonora_hermosillo.jpg */; };
		AAF895701D33153200E9FE87 /* sonora_main.jpg in Resources */ = {isa = PBXBuildFile; fileRef = AAF895521D33153200E9FE87 /* sonora_main.jpg */; };
		AAF895711D33153200E9FE87 /* sonora_peñasco.jpg in Resources */ = {isa = PBXBuildFile; fileRef = AAF895531D33153200E9FE87 /* sonora_peñasco.jpg */; };
		AAF895721D33153200E9FE87 /* yucatan_main.jpg in Resources */ = {isa = PBXBuildFile; fileRef = AAF895541D33153200E9FE87 /* yucatan_main.jpg */; };
		AAF895731D33153200E9FE87 /* yucatan_merida.jpg in Resources */ = {isa = PBXBuildFile; fileRef = AAF895551D33153200E9FE87 /* yucatan_merida.jpg */; };
		AAF895741D33153200E9FE87 /* yucatan_progreso.jpg in Resources */ = {isa = PBXBuildFile; fileRef = AAF895561D33153200E9FE87 /* yucatan_progreso.jpg */; };
		AAF895751D33153200E9FE87 /* yucatan_santaElena.jpg in Resources */ = {isa = PBXBuildFile; fileRef = AAF895571D33153200E9FE87 /* yucatan_santaElena.jpg */; };
		AAF895761D33153200E9FE87 /* yucatan_tinum.jpg in Resources */ = {isa = PBXBuildFile; fileRef = AAF895581D33153200E9FE87 /* yucatan_tinum.jpg */; };
		AAF895771D33153200E9FE87 /* yucatan_valladolid.jpg in Resources */ = {isa = PBXBuildFile; fileRef = AAF895591D33153200E9FE87 /* yucatan_valladolid.jpg */; };
		AAF8957A1D33153E00E9FE87 /* Declarations.m in Sources */ = {isa = PBXBuildFile; fileRef = AAF895791D33153E00E9FE87 /* Declarations.m */; };
		AAF8957F1D33155500E9FE87 /* Description.m in Sources */ = {isa = PBXBuildFile; fileRef = AAF8957C1D33155500E9FE87 /* Description.m */; };
		AAF895801D33155500E9FE87 /* GMapLocation.m in Sources */ = {isa = PBXBuildFile; fileRef = AAF8957E1D33155500E9FE87 /* GMapLocation.m */; };
		AAF895831D33155F00E9FE87 /* Municipios.m in Sources */ = {isa = PBXBuildFile; fileRef = AAF895821D33155F00E9FE87 /* Municipios.m */; };
		AAF895851D3315AF00E9FE87 /* GoogleService-Info.plist in Resources */ = {isa = PBXBuildFile; fileRef = AAF895841D3315AF00E9FE87 /* GoogleService-Info.plist */; };
		AAF895871D33161C00E9FE87 /* Podfile in Resources */ = {isa = PBXBuildFile; fileRef = AAF895861D33161C00E9FE87 /* Podfile */; };
		AAF895891D33F10300E9FE87 /* libz.tbd in Frameworks */ = {isa = PBXBuildFile; fileRef = AAF895881D33F10200E9FE87 /* libz.tbd */; };
		AAF8958B1D33F11100E9FE87 /* libstdc++.tbd in Frameworks */ = {isa = PBXBuildFile; fileRef = AAF8958A1D33F11100E9FE87 /* libstdc++.tbd */; };
/* End PBXBuildFile section */

/* Begin PBXFileReference section */
		1FDE8DB6B50DA324E05B872A /* Pods_Practica05.framework */ = {isa = PBXFileReference; explicitFileType = wrapper.framework; includeInIndex = 0; path = Pods_Practica05.framework; sourceTree = BUILT_PRODUCTS_DIR; };
		46150024961149BB740F0E2B /* Pods-Practica05.debug.xcconfig */ = {isa = PBXFileReference; includeInIndex = 1; lastKnownFileType = text.xcconfig; name = "Pods-Practica05.debug.xcconfig"; path = "Pods/Target Support Files/Pods-Practica05/Pods-Practica05.debug.xcconfig"; sourceTree = "<group>"; };
		8579FFCF7254F99EEF961A7D /* Pods-Practica05.release.xcconfig */ = {isa = PBXFileReference; includeInIndex = 1; lastKnownFileType = text.xcconfig; name = "Pods-Practica05.release.xcconfig"; path = "Pods/Target Support Files/Pods-Practica05/Pods-Practica05.release.xcconfig"; sourceTree = "<group>"; };
		AAD9CB581D3461FC0044DAF4 /* Fabric.framework */ = {isa = PBXFileReference; lastKnownFileType = wrapper.framework; path = Fabric.framework; sourceTree = "<group>"; };
		AAD9CB591D3461FC0044DAF4 /* DigitsKit.framework */ = {isa = PBXFileReference; lastKnownFileType = wrapper.framework; path = DigitsKit.framework; sourceTree = "<group>"; };
		AAD9CB5A1D3461FC0044DAF4 /* DigitsKitResources.bundle */ = {isa = PBXFileReference; lastKnownFileType = "wrapper.plug-in"; name = DigitsKitResources.bundle; path = DigitsKit.framework/Versions/A/Resources/DigitsKitResources.bundle; sourceTree = "<group>"; };
		AAD9CB5B1D3461FC0044DAF4 /* TwitterCore.framework */ = {isa = PBXFileReference; lastKnownFileType = wrapper.framework; path = TwitterCore.framework; sourceTree = "<group>"; };
		AAD9CB601D34650B0044DAF4 /* Login.h */ = {isa = PBXFileReference; fileEncoding = 4; lastKnownFileType = sourcecode.c.h; path = Login.h; sourceTree = "<group>"; };
		AAD9CB611D34650B0044DAF4 /* Login.m */ = {isa = PBXFileReference; fileEncoding = 4; lastKnownFileType = sourcecode.c.objc; path = Login.m; sourceTree = "<group>"; };
		AAF895151D3310F200E9FE87 /* Practica05.app */ = {isa = PBXFileReference; explicitFileType = wrapper.application; includeInIndex = 0; path = Practica05.app; sourceTree = BUILT_PRODUCTS_DIR; };
		AAF895191D3310F300E9FE87 /* main.m */ = {isa = PBXFileReference; lastKnownFileType = sourcecode.c.objc; path = main.m; sourceTree = "<group>"; };
		AAF8951B1D3310F300E9FE87 /* AppDelegate.h */ = {isa = PBXFileReference; lastKnownFileType = sourcecode.c.h; path = AppDelegate.h; sourceTree = "<group>"; };
		AAF8951C1D3310F300E9FE87 /* AppDelegate.m */ = {isa = PBXFileReference; lastKnownFileType = sourcecode.c.objc; path = AppDelegate.m; sourceTree = "<group>"; };
		AAF8951E1D3310F300E9FE87 /* Home.h */ = {isa = PBXFileReference; lastKnownFileType = sourcecode.c.h; path = Home.h; sourceTree = "<group>"; };
		AAF8951F1D3310F300E9FE87 /* Home.m */ = {isa = PBXFileReference; lastKnownFileType = sourcecode.c.objc; path = Home.m; sourceTree = "<group>"; };
		AAF895221D3310F300E9FE87 /* Base */ = {isa = PBXFileReference; lastKnownFileType = file.storyboard; name = Base; path = Base.lproj/Main.storyboard; sourceTree = "<group>"; };
		AAF895251D3310F300E9FE87 /* Practica05.xcdatamodel */ = {isa = PBXFileReference; lastKnownFileType = wrapper.xcdatamodel; path = Practica05.xcdatamodel; sourceTree = "<group>"; };
		AAF895271D3310F300E9FE87 /* Assets.xcassets */ = {isa = PBXFileReference; lastKnownFileType = folder.assetcatalog; path = Assets.xcassets; sourceTree = "<group>"; };
		AAF8952A1D3310F300E9FE87 /* Base */ = {isa = PBXFileReference; lastKnownFileType = file.storyboard; name = Base; path = Base.lproj/LaunchScreen.storyboard; sourceTree = "<group>"; };
		AAF8952C1D3310F300E9FE87 /* Info.plist */ = {isa = PBXFileReference; lastKnownFileType = text.plist.xml; path = Info.plist; sourceTree = "<group>"; };
		AAF895371D33152300E9FE87 /* cellHome.h */ = {isa = PBXFileReference; fileEncoding = 4; lastKnownFileType = sourcecode.c.h; path = cellHome.h; sourceTree = "<group>"; };
		AAF895381D33152300E9FE87 /* cellHome.m */ = {isa = PBXFileReference; fileEncoding = 4; lastKnownFileType = sourcecode.c.objc; path = cellHome.m; sourceTree = "<group>"; };
		AAF895391D33152300E9FE87 /* cellHome.xib */ = {isa = PBXFileReference; fileEncoding = 4; lastKnownFileType = file.xib; path = cellHome.xib; sourceTree = "<group>"; };
		AAF8953C1D33153200E9FE87 /* chiapas_comitlan.jpg */ = {isa = PBXFileReference; lastKnownFileType = image.jpeg; name = chiapas_comitlan.jpg; path = imgs/chiapas_comitlan.jpg; sourceTree = "<group>"; };
		AAF8953D1D33153200E9FE87 /* chiapas_main.jpg */ = {isa = PBXFileReference; lastKnownFileType = image.jpeg; name = chiapas_main.jpg; path = imgs/chiapas_main.jpg; sourceTree = "<group>"; };
		AAF8953E1D33153200E9FE87 /* chiapas_palenque.jpg */ = {isa = PBXFileReference; lastKnownFileType = image.jpeg; name = chiapas_palenque.jpg; path = imgs/chiapas_palenque.jpg; sourceTree = "<group>"; };
		AAF8953F1D33153200E9FE87 /* chiapas_sanCristobal.jpg */ = {isa = PBXFileReference; lastKnownFileType = image.jpeg; name = chiapas_sanCristobal.jpg; path = imgs/chiapas_sanCristobal.jpg; sourceTree = "<group>"; };
		AAF895401D33153200E9FE87 /* chiapas_tapachula.jpg */ = {isa = PBXFileReference; lastKnownFileType = image.jpeg; name = chiapas_tapachula.jpg; path = imgs/chiapas_tapachula.jpg; sourceTree = "<group>"; };
		AAF895411D33153200E9FE87 /* chiapas_tuxtla.jpg */ = {isa = PBXFileReference; lastKnownFileType = image.jpeg; name = chiapas_tuxtla.jpg; path = imgs/chiapas_tuxtla.jpg; sourceTree = "<group>"; };
		AAF895421D33153200E9FE87 /* edoMexico_ecatepec.jpg */ = {isa = PBXFileReference; lastKnownFileType = image.jpeg; name = edoMexico_ecatepec.jpg; path = imgs/edoMexico_ecatepec.jpg; sourceTree = "<group>"; };
		AAF895431D33153200E9FE87 /* edoMexico_ixtapanSal.jpg */ = {isa = PBXFileReference; lastKnownFileType = image.jpeg; name = edoMexico_ixtapanSal.jpg; path = imgs/edoMexico_ixtapanSal.jpg; sourceTree = "<group>"; };
		AAF895441D33153200E9FE87 /* edoMexico_main.jpg */ = {isa = PBXFileReference; lastKnownFileType = image.jpeg; name = edoMexico_main.jpg; path = imgs/edoMexico_main.jpg; sourceTree = "<group>"; };
		AAF895451D33153200E9FE87 /* edoMexico_teotihuacan.jpg */ = {isa = PBXFileReference; lastKnownFileType = image.jpeg; name = edoMexico_teotihuacan.jpg; path = imgs/edoMexico_teotihuacan.jpg; sourceTree = "<group>"; };
		AAF895461D33153200E9FE87 /* edoMexico_toluca.jpg */ = {isa = PBXFileReference; lastKnownFileType = image.jpeg; name = edoMexico_toluca.jpg; path = imgs/edoMexico_toluca.jpg; sourceTree = "<group>"; };
		AAF895471D33153200E9FE87 /* edoMexico_valleBravo.jpg */ = {isa = PBXFileReference; lastKnownFileType = image.jpeg; name = edoMexico_valleBravo.jpg; path = imgs/edoMexico_valleBravo.jpg; sourceTree = "<group>"; };
		AAF895481D33153200E9FE87 /* jalisco_guadalajara.jpg */ = {isa = PBXFileReference; lastKnownFileType = image.jpeg; name = jalisco_guadalajara.jpg; path = imgs/jalisco_guadalajara.jpg; sourceTree = "<group>"; };
		AAF895491D33153200E9FE87 /* jalisco_main.jpg */ = {isa = PBXFileReference; lastKnownFileType = image.jpeg; name = jalisco_main.jpg; path = imgs/jalisco_main.jpg; sourceTree = "<group>"; };
		AAF8954A1D33153200E9FE87 /* jalisco_mascota.jpg */ = {isa = PBXFileReference; lastKnownFileType = image.jpeg; name = jalisco_mascota.jpg; path = imgs/jalisco_mascota.jpg; sourceTree = "<group>"; };
		AAF8954B1D33153200E9FE87 /* jalisco_mazamitla.jpg */ = {isa = PBXFileReference; lastKnownFileType = image.jpeg; name = jalisco_mazamitla.jpg; path = imgs/jalisco_mazamitla.jpg; sourceTree = "<group>"; };
		AAF8954C1D33153200E9FE87 /* jalisco_puertoVallarta.jpg */ = {isa = PBXFileReference; lastKnownFileType = image.jpeg; name = jalisco_puertoVallarta.jpg; path = imgs/jalisco_puertoVallarta.jpg; sourceTree = "<group>"; };
		AAF8954D1D33153200E9FE87 /* jalisco_tapalpa.jpg */ = {isa = PBXFileReference; lastKnownFileType = image.jpeg; name = jalisco_tapalpa.jpg; path = imgs/jalisco_tapalpa.jpg; sourceTree = "<group>"; };
		AAF8954E1D33153200E9FE87 /* sonora_alamos.jpg */ = {isa = PBXFileReference; lastKnownFileType = image.jpeg; name = sonora_alamos.jpg; path = imgs/sonora_alamos.jpg; sourceTree = "<group>"; };
		AAF8954F1D33153200E9FE87 /* sonora_caborca.jpg */ = {isa = PBXFileReference; lastKnownFileType = image.jpeg; name = sonora_caborca.jpg; path = imgs/sonora_caborca.jpg; sourceTree = "<group>"; };
		AAF895501D33153200E9FE87 /* sonora_guaymas.jpg */ = {isa = PBXFileReference; lastKnownFileType = image.jpeg; name = sonora_guaymas.jpg; path = imgs/sonora_guaymas.jpg; sourceTree = "<group>"; };
		AAF895511D33153200E9FE87 /* sonora_hermosillo.jpg */ = {isa = PBXFileReference; lastKnownFileType = image.jpeg; name = sonora_hermosillo.jpg; path = imgs/sonora_hermosillo.jpg; sourceTree = "<group>"; };
		AAF895521D33153200E9FE87 /* sonora_main.jpg */ = {isa = PBXFileReference; lastKnownFileType = image.jpeg; name = sonora_main.jpg; path = imgs/sonora_main.jpg; sourceTree = "<group>"; };
		AAF895531D33153200E9FE87 /* sonora_peñasco.jpg */ = {isa = PBXFileReference; lastKnownFileType = image.jpeg; name = "sonora_peñasco.jpg"; path = "imgs/sonora_peñasco.jpg"; sourceTree = "<group>"; };
		AAF895541D33153200E9FE87 /* yucatan_main.jpg */ = {isa = PBXFileReference; lastKnownFileType = image.jpeg; name = yucatan_main.jpg; path = imgs/yucatan_main.jpg; sourceTree = "<group>"; };
		AAF895551D33153200E9FE87 /* yucatan_merida.jpg */ = {isa = PBXFileReference; lastKnownFileType = image.jpeg; name = yucatan_merida.jpg; path = imgs/yucatan_merida.jpg; sourceTree = "<group>"; };
		AAF895561D33153200E9FE87 /* yucatan_progreso.jpg */ = {isa = PBXFileReference; lastKnownFileType = image.jpeg; name = yucatan_progreso.jpg; path = imgs/yucatan_progreso.jpg; sourceTree = "<group>"; };
		AAF895571D33153200E9FE87 /* yucatan_santaElena.jpg */ = {isa = PBXFileReference; lastKnownFileType = image.jpeg; name = yucatan_santaElena.jpg; path = imgs/yucatan_santaElena.jpg; sourceTree = "<group>"; };
		AAF895581D33153200E9FE87 /* yucatan_tinum.jpg */ = {isa = PBXFileReference; lastKnownFileType = image.jpeg; name = yucatan_tinum.jpg; path = imgs/yucatan_tinum.jpg; sourceTree = "<group>"; };
		AAF895591D33153200E9FE87 /* yucatan_valladolid.jpg */ = {isa = PBXFileReference; lastKnownFileType = image.jpeg; name = yucatan_valladolid.jpg; path = imgs/yucatan_valladolid.jpg; sourceTree = "<group>"; };
		AAF895781D33153E00E9FE87 /* Declarations.h */ = {isa = PBXFileReference; fileEncoding = 4; lastKnownFileType = sourcecode.c.h; path = Declarations.h; sourceTree = "<group>"; };
		AAF895791D33153E00E9FE87 /* Declarations.m */ = {isa = PBXFileReference; fileEncoding = 4; lastKnownFileType = sourcecode.c.objc; path = Declarations.m; sourceTree = "<group>"; };
		AAF8957B1D33155500E9FE87 /* Description.h */ = {isa = PBXFileReference; fileEncoding = 4; lastKnownFileType = sourcecode.c.h; path = Description.h; sourceTree = "<group>"; };
		AAF8957C1D33155500E9FE87 /* Description.m */ = {isa = PBXFileReference; fileEncoding = 4; lastKnownFileType = sourcecode.c.objc; path = Description.m; sourceTree = "<group>"; };
		AAF8957D1D33155500E9FE87 /* GMapLocation.h */ = {isa = PBXFileReference; fileEncoding = 4; lastKnownFileType = sourcecode.c.h; path = GMapLocation.h; sourceTree = "<group>"; };
		AAF8957E1D33155500E9FE87 /* GMapLocation.m */ = {isa = PBXFileReference; fileEncoding = 4; lastKnownFileType = sourcecode.c.objc; path = GMapLocation.m; sourceTree = "<group>"; };
		AAF895811D33155F00E9FE87 /* Municipios.h */ = {isa = PBXFileReference; fileEncoding = 4; lastKnownFileType = sourcecode.c.h; path = Municipios.h; sourceTree = "<group>"; };
		AAF895821D33155F00E9FE87 /* Municipios.m */ = {isa = PBXFileReference; fileEncoding = 4; lastKnownFileType = sourcecode.c.objc; path = Municipios.m; sourceTree = "<group>"; };
		AAF895841D3315AF00E9FE87 /* GoogleService-Info.plist */ = {isa = PBXFileReference; fileEncoding = 4; lastKnownFileType = text.plist.xml; path = "GoogleService-Info.plist"; sourceTree = "<group>"; };
		AAF895861D33161C00E9FE87 /* Podfile */ = {isa = PBXFileReference; fileEncoding = 4; lastKnownFileType = text; path = Podfile; sourceTree = SOURCE_ROOT; xcLanguageSpecificationIdentifier = xcode.lang.ruby; };
		AAF895881D33F10200E9FE87 /* libz.tbd */ = {isa = PBXFileReference; lastKnownFileType = "sourcecode.text-based-dylib-definition"; name = libz.tbd; path = usr/lib/libz.tbd; sourceTree = SDKROOT; };
		AAF8958A1D33F11100E9FE87 /* libstdc++.tbd */ = {isa = PBXFileReference; lastKnownFileType = "sourcecode.text-based-dylib-definition"; name = "libstdc++.tbd"; path = "usr/lib/libstdc++.tbd"; sourceTree = SDKROOT; };
/* End PBXFileReference section */

/* Begin PBXFrameworksBuildPhase section */
		AAF895121D3310F200E9FE87 /* Frameworks */ = {
			isa = PBXFrameworksBuildPhase;
			buildActionMask = 2147483647;
			files = (
				AAF8958B1D33F11100E9FE87 /* libstdc++.tbd in Frameworks */,
				AAD9CB5F1D3461FC0044DAF4 /* TwitterCore.framework in Frameworks */,
				AAF895891D33F10300E9FE87 /* libz.tbd in Frameworks */,
				042FFDA614FC23CE263F0429 /* Pods_Practica05.framework in Frameworks */,
				AAD9CB5C1D3461FC0044DAF4 /* Fabric.framework in Frameworks */,
				AAD9CB5D1D3461FC0044DAF4 /* DigitsKit.framework in Frameworks */,
			);
			runOnlyForDeploymentPostprocessing = 0;
		};
/* End PBXFrameworksBuildPhase section */

/* Begin PBXGroup section */
		45373154003B0BDA8208878F /* Frameworks */ = {
			isa = PBXGroup;
			children = (
				AAF8958A1D33F11100E9FE87 /* libstdc++.tbd */,
				AAF895881D33F10200E9FE87 /* libz.tbd */,
				1FDE8DB6B50DA324E05B872A /* Pods_Practica05.framework */,
			);
			name = Frameworks;
			sourceTree = "<group>";
		};
		80C700F7868BFE50A6A4E678 /* Pods */ = {
			isa = PBXGroup;
			children = (
				46150024961149BB740F0E2B /* Pods-Practica05.debug.xcconfig */,
				8579FFCF7254F99EEF961A7D /* Pods-Practica05.release.xcconfig */,
			);
			name = Pods;
			sourceTree = "<group>";
		};
		AAF8950C1D3310F200E9FE87 = {
			isa = PBXGroup;
			children = (
				AAD9CB581D3461FC0044DAF4 /* Fabric.framework */,
				AAD9CB591D3461FC0044DAF4 /* DigitsKit.framework */,
				AAD9CB5A1D3461FC0044DAF4 /* DigitsKitResources.bundle */,
				AAD9CB5B1D3461FC0044DAF4 /* TwitterCore.framework */,
				AAF895171D3310F300E9FE87 /* Practica05 */,
				AAF895161D3310F200E9FE87 /* Products */,
				80C700F7868BFE50A6A4E678 /* Pods */,
				45373154003B0BDA8208878F /* Frameworks */,
			);
			sourceTree = "<group>";
		};
		AAF895161D3310F200E9FE87 /* Products */ = {
			isa = PBXGroup;
			children = (
				AAF895151D3310F200E9FE87 /* Practica05.app */,
			);
			name = Products;
			sourceTree = "<group>";
		};
		AAF895171D3310F300E9FE87 /* Practica05 */ = {
			isa = PBXGroup;
			children = (
				AAF895361D33150B00E9FE87 /* Cells */,
				AAF895351D33150000E9FE87 /* imgs */,
				AAF895341D3314F900E9FE87 /* Declarations */,
				AAF895331D33112C00E9FE87 /* Main */,
				AAF895321D33110F00E9FE87 /* Controllers */,
				AAF895211D3310F300E9FE87 /* Main.storyboard */,
				AAF895271D3310F300E9FE87 /* Assets.xcassets */,
				AAF895291D3310F300E9FE87 /* LaunchScreen.storyboard */,
				AAF8952C1D3310F300E9FE87 /* Info.plist */,
				AAF895241D3310F300E9FE87 /* Practica05.xcdatamodeld */,
				AAF895181D3310F300E9FE87 /* Supporting Files */,
				AAF895841D3315AF00E9FE87 /* GoogleService-Info.plist */,
				AAF895861D33161C00E9FE87 /* Podfile */,
			);
			path = Practica05;
			sourceTree = "<group>";
		};
		AAF895181D3310F300E9FE87 /* Supporting Files */ = {
			isa = PBXGroup;
			children = (
				AAF895191D3310F300E9FE87 /* main.m */,
			);
			name = "Supporting Files";
			sourceTree = "<group>";
		};
		AAF895321D33110F00E9FE87 /* Controllers */ = {
			isa = PBXGroup;
			children = (
				AAF895811D33155F00E9FE87 /* Municipios.h */,
				AAF895821D33155F00E9FE87 /* Municipios.m */,
				AAF8957B1D33155500E9FE87 /* Description.h */,
				AAF8957C1D33155500E9FE87 /* Description.m */,
				AAF8957D1D33155500E9FE87 /* GMapLocation.h */,
				AAF8957E1D33155500E9FE87 /* GMapLocation.m */,
				AAF8951E1D3310F300E9FE87 /* Home.h */,
				AAF8951F1D3310F300E9FE87 /* Home.m */,
				AAD9CB601D34650B0044DAF4 /* Login.h */,
				AAD9CB611D34650B0044DAF4 /* Login.m */,
			);
			name = Controllers;
			sourceTree = "<group>";
		};
		AAF895331D33112C00E9FE87 /* Main */ = {
			isa = PBXGroup;
			children = (
				AAF8951B1D3310F300E9FE87 /* AppDelegate.h */,
				AAF8951C1D3310F300E9FE87 /* AppDelegate.m */,
			);
			name = Main;
			sourceTree = "<group>";
		};
		AAF895341D3314F900E9FE87 /* Declarations */ = {
			isa = PBXGroup;
			children = (
				AAF895781D33153E00E9FE87 /* Declarations.h */,
				AAF895791D33153E00E9FE87 /* Declarations.m */,
			);
			name = Declarations;
			sourceTree = "<group>";
		};
		AAF895351D33150000E9FE87 /* imgs */ = {
			isa = PBXGroup;
			children = (
				AAF8953C1D33153200E9FE87 /* chiapas_comitlan.jpg */,
				AAF8953D1D33153200E9FE87 /* chiapas_main.jpg */,
				AAF8953E1D33153200E9FE87 /* chiapas_palenque.jpg */,
				AAF8953F1D33153200E9FE87 /* chiapas_sanCristobal.jpg */,
				AAF895401D33153200E9FE87 /* chiapas_tapachula.jpg */,
				AAF895411D33153200E9FE87 /* chiapas_tuxtla.jpg */,
				AAF895421D33153200E9FE87 /* edoMexico_ecatepec.jpg */,
				AAF895431D33153200E9FE87 /* edoMexico_ixtapanSal.jpg */,
				AAF895441D33153200E9FE87 /* edoMexico_main.jpg */,
				AAF895451D33153200E9FE87 /* edoMexico_teotihuacan.jpg */,
				AAF895461D33153200E9FE87 /* edoMexico_toluca.jpg */,
				AAF895471D33153200E9FE87 /* edoMexico_valleBravo.jpg */,
				AAF895481D33153200E9FE87 /* jalisco_guadalajara.jpg */,
				AAF895491D33153200E9FE87 /* jalisco_main.jpg */,
				AAF8954A1D33153200E9FE87 /* jalisco_mascota.jpg */,
				AAF8954B1D33153200E9FE87 /* jalisco_mazamitla.jpg */,
				AAF8954C1D33153200E9FE87 /* jalisco_puertoVallarta.jpg */,
				AAF8954D1D33153200E9FE87 /* jalisco_tapalpa.jpg */,
				AAF8954E1D33153200E9FE87 /* sonora_alamos.jpg */,
				AAF8954F1D33153200E9FE87 /* sonora_caborca.jpg */,
				AAF895501D33153200E9FE87 /* sonora_guaymas.jpg */,
				AAF895511D33153200E9FE87 /* sonora_hermosillo.jpg */,
				AAF895521D33153200E9FE87 /* sonora_main.jpg */,
				AAF895531D33153200E9FE87 /* sonora_peñasco.jpg */,
				AAF895541D33153200E9FE87 /* yucatan_main.jpg */,
				AAF895551D33153200E9FE87 /* yucatan_merida.jpg */,
				AAF895561D33153200E9FE87 /* yucatan_progreso.jpg */,
				AAF895571D33153200E9FE87 /* yucatan_santaElena.jpg */,
				AAF895581D33153200E9FE87 /* yucatan_tinum.jpg */,
				AAF895591D33153200E9FE87 /* yucatan_valladolid.jpg */,
			);
			name = imgs;
			sourceTree = "<group>";
		};
		AAF895361D33150B00E9FE87 /* Cells */ = {
			isa = PBXGroup;
			children = (
				AAF895371D33152300E9FE87 /* cellHome.h */,
				AAF895381D33152300E9FE87 /* cellHome.m */,
				AAF895391D33152300E9FE87 /* cellHome.xib */,
			);
			name = Cells;
			sourceTree = "<group>";
		};
/* End PBXGroup section */

/* Begin PBXNativeTarget section */
		AAF895141D3310F200E9FE87 /* Practica05 */ = {
			isa = PBXNativeTarget;
			buildConfigurationList = AAF8952F1D3310F300E9FE87 /* Build configuration list for PBXNativeTarget "Practica05" */;
			buildPhases = (
				8D9BF6707834D30F228BD612 /* [CP] Check Pods Manifest.lock */,
				AAF895111D3310F200E9FE87 /* Sources */,
				AAF895121D3310F200E9FE87 /* Frameworks */,
				AAF895131D3310F200E9FE87 /* Resources */,
				AA583AA7444BBF15E3F2A4FD /* [CP] Embed Pods Frameworks */,
				BE5340B9DC0DDE96ACAC81CC /* [CP] Copy Pods Resources */,
				AAD9CB571D3461670044DAF4 /* ShellScript */,
			);
			buildRules = (
			);
			dependencies = (
			);
			name = Practica05;
			productName = Practica05;
			productReference = AAF895151D3310F200E9FE87 /* Practica05.app */;
			productType = "com.apple.product-type.application";
		};
/* End PBXNativeTarget section */

/* Begin PBXProject section */
		AAF8950D1D3310F200E9FE87 /* Project object */ = {
			isa = PBXProject;
			attributes = {
				LastUpgradeCheck = 0730;
				ORGANIZATIONNAME = "Christian Barragan";
				TargetAttributes = {
					AAF895141D3310F200E9FE87 = {
						CreatedOnToolsVersion = 7.3.1;
						DevelopmentTeam = QXF33N93KH;
					};
				};
			};
			buildConfigurationList = AAF895101D3310F200E9FE87 /* Build configuration list for PBXProject "Practica05" */;
			compatibilityVersion = "Xcode 3.2";
			developmentRegion = English;
			hasScannedForEncodings = 0;
			knownRegions = (
				en,
				Base,
			);
			mainGroup = AAF8950C1D3310F200E9FE87;
			productRefGroup = AAF895161D3310F200E9FE87 /* Products */;
			projectDirPath = "";
			projectRoot = "";
			targets = (
				AAF895141D3310F200E9FE87 /* Practica05 */,
			);
		};
/* End PBXProject section */

/* Begin PBXResourcesBuildPhase section */
		AAF895131D3310F200E9FE87 /* Resources */ = {
			isa = PBXResourcesBuildPhase;
			buildActionMask = 2147483647;
			files = (
				AAF895691D33153200E9FE87 /* jalisco_mazamitla.jpg in Resources */,
				AAF895761D33153200E9FE87 /* yucatan_tinum.jpg in Resources */,
				AAF8952B1D3310F300E9FE87 /* LaunchScreen.storyboard in Resources */,
				AAF895651D33153200E9FE87 /* edoMexico_valleBravo.jpg in Resources */,
				AAF895741D33153200E9FE87 /* yucatan_progreso.jpg in Resources */,
				AAF895671D33153200E9FE87 /* jalisco_main.jpg in Resources */,
				AAF895871D33161C00E9FE87 /* Podfile in Resources */,
				AAF895281D3310F300E9FE87 /* Assets.xcassets in Resources */,
				AAF8956C1D33153200E9FE87 /* sonora_alamos.jpg in Resources */,
				AAF895601D33153200E9FE87 /* edoMexico_ecatepec.jpg in Resources */,
				AAF8955E1D33153200E9FE87 /* chiapas_tapachula.jpg in Resources */,
				AAF8955F1D33153200E9FE87 /* chiapas_tuxtla.jpg in Resources */,
				AAF895681D33153200E9FE87 /* jalisco_mascota.jpg in Resources */,
				AAF8955B1D33153200E9FE87 /* chiapas_main.jpg in Resources */,
				AAD9CB5E1D3461FC0044DAF4 /* DigitsKitResources.bundle in Resources */,
				AAF895711D33153200E9FE87 /* sonora_peñasco.jpg in Resources */,
				AAF8953B1D33152300E9FE87 /* cellHome.xib in Resources */,
				AAF895721D33153200E9FE87 /* yucatan_main.jpg in Resources */,
				AAF8955D1D33153200E9FE87 /* chiapas_sanCristobal.jpg in Resources */,
				AAF895611D33153200E9FE87 /* edoMexico_ixtapanSal.jpg in Resources */,
				AAF895631D33153200E9FE87 /* edoMexico_teotihuacan.jpg in Resources */,
				AAF895231D3310F300E9FE87 /* Main.storyboard in Resources */,
				AAF895701D33153200E9FE87 /* sonora_main.jpg in Resources */,
				AAF8955C1D33153200E9FE87 /* chiapas_palenque.jpg in Resources */,
				AAF895751D33153200E9FE87 /* yucatan_santaElena.jpg in Resources */,
				AAF895621D33153200E9FE87 /* edoMexico_main.jpg in Resources */,
				AAF895731D33153200E9FE87 /* yucatan_merida.jpg in Resources */,
				AAF895661D33153200E9FE87 /* jalisco_guadalajara.jpg in Resources */,
				AAF8956A1D33153200E9FE87 /* jalisco_puertoVallarta.jpg in Resources */,
				AAF895851D3315AF00E9FE87 /* GoogleService-Info.plist in Resources */,
				AAF895771D33153200E9FE87 /* yucatan_valladolid.jpg in Resources */,
				AAF8956E1D33153200E9FE87 /* sonora_guaymas.jpg in Resources */,
				AAF8955A1D33153200E9FE87 /* chiapas_comitlan.jpg in Resources */,
				AAF8956D1D33153200E9FE87 /* sonora_caborca.jpg in Resources */,
				AAF8956F1D33153200E9FE87 /* sonora_hermosillo.jpg in Resources */,
				AAF895641D33153200E9FE87 /* edoMexico_toluca.jpg in Resources */,
				AAF8956B1D33153200E9FE87 /* jalisco_tapalpa.jpg in Resources */,
			);
			runOnlyForDeploymentPostprocessing = 0;
		};
/* End PBXResourcesBuildPhase section */

/* Begin PBXShellScriptBuildPhase section */
		8D9BF6707834D30F228BD612 /* [CP] Check Pods Manifest.lock */ = {
			isa = PBXShellScriptBuildPhase;
			buildActionMask = 2147483647;
			files = (
			);
			inputPaths = (
			);
			name = "[CP] Check Pods Manifest.lock";
			outputPaths = (
			);
			runOnlyForDeploymentPostprocessing = 0;
			shellPath = /bin/sh;
			shellScript = "diff \"${PODS_ROOT}/../Podfile.lock\" \"${PODS_ROOT}/Manifest.lock\" > /dev/null\nif [[ $? != 0 ]] ; then\n    cat << EOM\nerror: The sandbox is not in sync with the Podfile.lock. Run 'pod install' or update your CocoaPods installation.\nEOM\n    exit 1\nfi\n";
			showEnvVarsInLog = 0;
		};
		AA583AA7444BBF15E3F2A4FD /* [CP] Embed Pods Frameworks */ = {
			isa = PBXShellScriptBuildPhase;
			buildActionMask = 2147483647;
			files = (
			);
			inputPaths = (
			);
			name = "[CP] Embed Pods Frameworks";
			outputPaths = (
			);
			runOnlyForDeploymentPostprocessing = 0;
			shellPath = /bin/sh;
			shellScript = "\"${SRCROOT}/Pods/Target Support Files/Pods-Practica05/Pods-Practica05-frameworks.sh\"\n";
			showEnvVarsInLog = 0;
		};
		AAD9CB571D3461670044DAF4 /* ShellScript */ = {
			isa = PBXShellScriptBuildPhase;
			buildActionMask = 2147483647;
			files = (
			);
			inputPaths = (
			);
			outputPaths = (
			);
			runOnlyForDeploymentPostprocessing = 0;
			shellPath = /bin/sh;
			shellScript = "./Fabric.framework/run 4d8ff1006c2eb6a23e66fcd507c49740da177699 1e3917a49b8ea8af0a97490d45ea0d332a984942bdd5742ad8ac119ae2b60b8c";
		};
		BE5340B9DC0DDE96ACAC81CC /* [CP] Copy Pods Resources */ = {
			isa = PBXShellScriptBuildPhase;
			buildActionMask = 2147483647;
			files = (
			);
			inputPaths = (
			);
			name = "[CP] Copy Pods Resources";
			outputPaths = (
			);
			runOnlyForDeploymentPostprocessing = 0;
			shellPath = /bin/sh;
			shellScript = "\"${SRCROOT}/Pods/Target Support Files/Pods-Practica05/Pods-Practica05-resources.sh\"\n";
			showEnvVarsInLog = 0;
		};
/* End PBXShellScriptBuildPhase section */

/* Begin PBXSourcesBuildPhase section */
		AAF895111D3310F200E9FE87 /* Sources */ = {
			isa = PBXSourcesBuildPhase;
			buildActionMask = 2147483647;
			files = (
				AAF895201D3310F300E9FE87 /* Home.m in Sources */,
				AAF8951D1D3310F300E9FE87 /* AppDelegate.m in Sources */,
				AAF8957A1D33153E00E9FE87 /* Declarations.m in Sources */,
				AAF895831D33155F00E9FE87 /* Municipios.m in Sources */,
				AAF8957F1D33155500E9FE87 /* Description.m in Sources */,
				AAD9CB621D34650B0044DAF4 /* Login.m in Sources */,
				AAF8951A1D3310F300E9FE87 /* main.m in Sources */,
				AAF8953A1D33152300E9FE87 /* cellHome.m in Sources */,
				AAF895261D3310F300E9FE87 /* Practica05.xcdatamodeld in Sources */,
				AAF895801D33155500E9FE87 /* GMapLocation.m in Sources */,
			);
			runOnlyForDeploymentPostprocessing = 0;
		};
/* End PBXSourcesBuildPhase section */

/* Begin PBXVariantGroup section */
		AAF895211D3310F300E9FE87 /* Main.storyboard */ = {
			isa = PBXVariantGroup;
			children = (
				AAF895221D3310F300E9FE87 /* Base */,
			);
			name = Main.storyboard;
			sourceTree = "<group>";
		};
		AAF895291D3310F300E9FE87 /* LaunchScreen.storyboard */ = {
			isa = PBXVariantGroup;
			children = (
				AAF8952A1D3310F300E9FE87 /* Base */,
			);
			name = LaunchScreen.storyboard;
			sourceTree = "<group>";
		};
/* End PBXVariantGroup section */

/* Begin XCBuildConfiguration section */
		AAF8952D1D3310F300E9FE87 /* Debug */ = {
			isa = XCBuildConfiguration;
			buildSettings = {
				ALWAYS_SEARCH_USER_PATHS = NO;
				CLANG_ANALYZER_NONNULL = YES;
				CLANG_CXX_LANGUAGE_STANDARD = "gnu++0x";
				CLANG_CXX_LIBRARY = "libc++";
				CLANG_ENABLE_MODULES = YES;
				CLANG_ENABLE_OBJC_ARC = YES;
				CLANG_WARN_BOOL_CONVERSION = YES;
				CLANG_WARN_CONSTANT_CONVERSION = YES;
				CLANG_WARN_DIRECT_OBJC_ISA_USAGE = YES_ERROR;
				CLANG_WARN_EMPTY_BODY = YES;
				CLANG_WARN_ENUM_CONVERSION = YES;
				CLANG_WARN_INT_CONVERSION = YES;
				CLANG_WARN_OBJC_ROOT_CLASS = YES_ERROR;
				CLANG_WARN_UNREACHABLE_CODE = YES;
				CLANG_WARN__DUPLICATE_METHOD_MATCH = YES;
				"CODE_SIGN_IDENTITY[sdk=iphoneos*]" = "iPhone Developer";
				COPY_PHASE_STRIP = NO;
				DEBUG_INFORMATION_FORMAT = dwarf;
				ENABLE_STRICT_OBJC_MSGSEND = YES;
				ENABLE_TESTABILITY = YES;
				GCC_C_LANGUAGE_STANDARD = gnu99;
				GCC_DYNAMIC_NO_PIC = NO;
				GCC_NO_COMMON_BLOCKS = YES;
				GCC_OPTIMIZATION_LEVEL = 0;
				GCC_PREPROCESSOR_DEFINITIONS = (
					"DEBUG=1",
					"$(inherited)",
				);
				GCC_WARN_64_TO_32_BIT_CONVERSION = YES;
				GCC_WARN_ABOUT_RETURN_TYPE = YES_ERROR;
				GCC_WARN_UNDECLARED_SELECTOR = YES;
				GCC_WARN_UNINITIALIZED_AUTOS = YES_AGGRESSIVE;
				GCC_WARN_UNUSED_FUNCTION = YES;
				GCC_WARN_UNUSED_VARIABLE = YES;
				IPHONEOS_DEPLOYMENT_TARGET = 9.3;
				MTL_ENABLE_DEBUG_INFO = YES;
				ONLY_ACTIVE_ARCH = YES;
				SDKROOT = iphoneos;
			};
			name = Debug;
		};
		AAF8952E1D3310F300E9FE87 /* Release */ = {
			isa = XCBuildConfiguration;
			buildSettings = {
				ALWAYS_SEARCH_USER_PATHS = NO;
				CLANG_ANALYZER_NONNULL = YES;
				CLANG_CXX_LANGUAGE_STANDARD = "gnu++0x";
				CLANG_CXX_LIBRARY = "libc++";
				CLANG_ENABLE_MODULES = YES;
				CLANG_ENABLE_OBJC_ARC = YES;
				CLANG_WARN_BOOL_CONVERSION = YES;
				CLANG_WARN_CONSTANT_CONVERSION = YES;
				CLANG_WARN_DIRECT_OBJC_ISA_USAGE = YES_ERROR;
				CLANG_WARN_EMPTY_BODY = YES;
				CLANG_WARN_ENUM_CONVERSION = YES;
				CLANG_WARN_INT_CONVERSION = YES;
				CLANG_WARN_OBJC_ROOT_CLASS = YES_ERROR;
				CLANG_WARN_UNREACHABLE_CODE = YES;
				CLANG_WARN__DUPLICATE_METHOD_MATCH = YES;
				"CODE_SIGN_IDENTITY[sdk=iphoneos*]" = "iPhone Developer";
				COPY_PHASE_STRIP = NO;
				DEBUG_INFORMATION_FORMAT = "dwarf-with-dsym";
				ENABLE_NS_ASSERTIONS = NO;
				ENABLE_STRICT_OBJC_MSGSEND = YES;
				GCC_C_LANGUAGE_STANDARD = gnu99;
				GCC_NO_COMMON_BLOCKS = YES;
				GCC_WARN_64_TO_32_BIT_CONVERSION = YES;
				GCC_WARN_ABOUT_RETURN_TYPE = YES_ERROR;
				GCC_WARN_UNDECLARED_SELECTOR = YES;
				GCC_WARN_UNINITIALIZED_AUTOS = YES_AGGRESSIVE;
				GCC_WARN_UNUSED_FUNCTION = YES;
				GCC_WARN_UNUSED_VARIABLE = YES;
				IPHONEOS_DEPLOYMENT_TARGET = 9.3;
				MTL_ENABLE_DEBUG_INFO = NO;
				SDKROOT = iphoneos;
				VALIDATE_PRODUCT = YES;
			};
			name = Release;
		};
		AAF895301D3310F300E9FE87 /* Debug */ = {
			isa = XCBuildConfiguration;
			baseConfigurationReference = 46150024961149BB740F0E2B /* Pods-Practica05.debug.xcconfig */;
			buildSettings = {
				ASSETCATALOG_COMPILER_APPICON_NAME = AppIcon;
				CODE_SIGN_IDENTITY = "iPhone Developer";
				"CODE_SIGN_IDENTITY[sdk=iphoneos*]" = "";
				FRAMEWORK_SEARCH_PATHS = (
					"$(inherited)",
					"$(PROJECT_DIR)",
				);
				INFOPLIST_FILE = Practica05/Info.plist;
				LD_RUNPATH_SEARCH_PATHS = "$(inherited) @executable_path/Frameworks";
				PRODUCT_BUNDLE_IDENTIFIER = com.barragan.Practica05;
				PRODUCT_NAME = "$(TARGET_NAME)";
				PROVISIONING_PROFILE = "905ed9b9-f58e-4376-9e36-356b4abfdca5";
			};
			name = Debug;
		};
		AAF895311D3310F300E9FE87 /* Release */ = {
			isa = XCBuildConfiguration;
			baseConfigurationReference = 8579FFCF7254F99EEF961A7D /* Pods-Practica05.release.xcconfig */;
			buildSettings = {
				ASSETCATALOG_COMPILER_APPICON_NAME = AppIcon;
				CODE_SIGN_IDENTITY = "iPhone Developer";
				"CODE_SIGN_IDENTITY[sdk=iphoneos*]" = "";
				FRAMEWORK_SEARCH_PATHS = (
					"$(inherited)",
					"$(PROJECT_DIR)",
				);
				INFOPLIST_FILE = Practica05/Info.plist;
				LD_RUNPATH_SEARCH_PATHS = "$(inherited) @executable_path/Frameworks";
				PRODUCT_BUNDLE_IDENTIFIER = com.barragan.Practica05;
				PRODUCT_NAME = "$(TARGET_NAME)";
				PROVISIONING_PROFILE = "905ed9b9-f58e-4376-9e36-356b4abfdca5";
			};
			name = Release;
		};
/* End XCBuildConfiguration section */

/* Begin XCConfigurationList section */
		AAF895101D3310F200E9FE87 /* Build configuration list for PBXProject "Practica05" */ = {
			isa = XCConfigurationList;
			buildConfigurations = (
				AAF8952D1D3310F300E9FE87 /* Debug */,
				AAF8952E1D3310F300E9FE87 /* Release */,
			);
			defaultConfigurationIsVisible = 0;
			defaultConfigurationName = Release;
		};
		AAF8952F1D3310F300E9FE87 /* Build configuration list for PBXNativeTarget "Practica05" */ = {
			isa = XCConfigurationList;
			buildConfigurations = (
				AAF895301D3310F300E9FE87 /* Debug */,
				AAF895311D3310F300E9FE87 /* Release */,
			);
			defaultConfigurationIsVisible = 0;
			defaultConfigurationName = Release;
		};
/* End XCConfigurationList section */

/* Begin XCVersionGroup section */
		AAF895241D3310F300E9FE87 /* Practica05.xcdatamodeld */ = {
			isa = XCVersionGroup;
			children = (
				AAF895251D3310F300E9FE87 /* Practica05.xcdatamodel */,
			);
			currentVersion = AAF895251D3310F300E9FE87 /* Practica05.xcdatamodel */;
			path = Practica05.xcdatamodeld;
			sourceTree = "<group>";
			versionGroupType = wrapper.xcdatamodel;
		};
/* End XCVersionGroup section */
	};
	rootObject = AAF8950D1D3310F200E9FE87 /* Project object */;
}
